
Microsoft Visual Studio Solution File, Format Version 12.00
# Visual Studio 2012
Project("{FAE04EC0-301F-11D3-BF4B-00C04F79EFBC}") = "Next-Task", "Next-Task\Next-Task.csproj", "{DC56A163-6D6F-4B72-A3B6-31BD3113624A}"
EndProject
Project("{FAE04EC0-301F-11D3-BF4B-00C04F79EFBC}") = "Models", "Models\Models.csproj", "{2C29DEE9-DD44-4F08-8D70-5A4C605C3312}"
EndProject
Global
	GlobalSection(SolutionConfigurationPlatforms) = preSolution
		Debug|Any CPU = Debug|Any CPU
		Release|Any CPU = Release|Any CPU
	EndGlobalSection
	GlobalSection(ProjectConfigurationPlatforms) = postSolution
		{DC56A163-6D6F-4B72-A3B6-31BD3113624A}.Debug|Any CPU.ActiveCfg = Debug|Any CPU
		{DC56A163-6D6F-4B72-A3B6-31BD3113624A}.Debug|Any CPU.Build.0 = Debug|Any CPU
		{DC56A163-6D6F-4B72-A3B6-31BD3113624A}.Release|Any CPU.ActiveCfg = Release|Any CPU
		{DC56A163-6D6F-4B72-A3B6-31BD3113624A}.Release|Any CPU.Build.0 = Release|Any CPU
		{2C29DEE9-DD44-4F08-8D70-5A4C605C3312}.Debug|Any CPU.ActiveCfg = Debug|Any CPU
		{2C29DEE9-DD44-4F08-8D70-5A4C605C3312}.Debug|Any CPU.Build.0 = Debug|Any CPU
		{2C29DEE9-DD44-4F08-8D70-5A4C605C3312}.Release|Any CPU.ActiveCfg = Release|Any CPU
		{2C29DEE9-DD44-4F08-8D70-5A4C605C3312}.Release|Any CPU.Build.0 = Release|Any CPU
	EndGlobalSection
EndGlobal
